
Microsoft Visual Studio Solution File, Format Version 12.00
# Visual Studio Version 17
VisualStudioVersion = 17.10.35027.167
MinimumVisualStudioVersion = 10.0.40219.1
Project("{2150E333-8FDC-42A3-9474-1A3956D46DE8}") = "SOLID", "SOLID", "{68595810-30B5-4104-A5B5-58FD535036E5}"
EndProject
Project("{2150E333-8FDC-42A3-9474-1A3956D46DE8}") = "SRP", "SRP", "{233E30D9-F858-4CAE-98CB-840A651B4F7B}"
EndProject
Project("{FAE04EC0-301F-11D3-BF4B-00C04F79EFBC}") = "Solid.Srp", "Solid\Solid.Srp\Solid.Srp.csproj", "{C083E72F-853D-4F85-A9AD-7DD49D24D444}"
EndProject
Project("{FAE04EC0-301F-11D3-BF4B-00C04F79EFBC}") = "LSP", "LSP\LSP.csproj", "{1D58B1E7-D5E0-4EC9-B7B3-BF272872B1A2}"
EndProject
Project("{FAE04EC0-301F-11D3-BF4B-00C04F79EFBC}") = "ISP", "Solid\ISP\ISP.csproj", "{6621736E-D409-4E67-B859-AADA63E6C8DB}"
EndProject
Project("{FAE04EC0-301F-11D3-BF4B-00C04F79EFBC}") = "DIP", "Solid\DIP\DIP.csproj", "{2E274061-EF43-4A01-BB86-101C0EC50292}"
EndProject
Project("{2150E333-8FDC-42A3-9474-1A3956D46DE8}") = "Creational", "Creational", "{54E74E38-1DB6-44A1-877C-55317F3D6ADD}"
EndProject
Project("{2150E333-8FDC-42A3-9474-1A3956D46DE8}") = "Builder", "Builder", "{144CCC62-AE34-4D61-9883-86F454FD5112}"
EndProject
Global
	GlobalSection(SolutionConfigurationPlatforms) = preSolution
		Debug|Any CPU = Debug|Any CPU
		Release|Any CPU = Release|Any CPU
	EndGlobalSection
	GlobalSection(ProjectConfigurationPlatforms) = postSolution
		{C083E72F-853D-4F85-A9AD-7DD49D24D444}.Debug|Any CPU.ActiveCfg = Debug|Any CPU
		{C083E72F-853D-4F85-A9AD-7DD49D24D444}.Debug|Any CPU.Build.0 = Debug|Any CPU
		{C083E72F-853D-4F85-A9AD-7DD49D24D444}.Release|Any CPU.ActiveCfg = Release|Any CPU
		{C083E72F-853D-4F85-A9AD-7DD49D24D444}.Release|Any CPU.Build.0 = Release|Any CPU
		{1D58B1E7-D5E0-4EC9-B7B3-BF272872B1A2}.Debug|Any CPU.ActiveCfg = Debug|Any CPU
		{1D58B1E7-D5E0-4EC9-B7B3-BF272872B1A2}.Debug|Any CPU.Build.0 = Debug|Any CPU
		{1D58B1E7-D5E0-4EC9-B7B3-BF272872B1A2}.Release|Any CPU.ActiveCfg = Release|Any CPU
		{1D58B1E7-D5E0-4EC9-B7B3-BF272872B1A2}.Release|Any CPU.Build.0 = Release|Any CPU
		{6621736E-D409-4E67-B859-AADA63E6C8DB}.Debug|Any CPU.ActiveCfg = Debug|Any CPU
		{6621736E-D409-4E67-B859-AADA63E6C8DB}.Debug|Any CPU.Build.0 = Debug|Any CPU
		{6621736E-D409-4E67-B859-AADA63E6C8DB}.Release|Any CPU.ActiveCfg = Release|Any CPU
		{6621736E-D409-4E67-B859-AADA63E6C8DB}.Release|Any CPU.Build.0 = Release|Any CPU
		{2E274061-EF43-4A01-BB86-101C0EC50292}.Debug|Any CPU.ActiveCfg = Debug|Any CPU
		{2E274061-EF43-4A01-BB86-101C0EC50292}.Debug|Any CPU.Build.0 = Debug|Any CPU
		{2E274061-EF43-4A01-BB86-101C0EC50292}.Release|Any CPU.ActiveCfg = Release|Any CPU
		{2E274061-EF43-4A01-BB86-101C0EC50292}.Release|Any CPU.Build.0 = Release|Any CPU
	EndGlobalSection
	GlobalSection(SolutionProperties) = preSolution
		HideSolutionNode = FALSE
	EndGlobalSection
	GlobalSection(NestedProjects) = preSolution
		{233E30D9-F858-4CAE-98CB-840A651B4F7B} = {68595810-30B5-4104-A5B5-58FD535036E5}
		{C083E72F-853D-4F85-A9AD-7DD49D24D444} = {233E30D9-F858-4CAE-98CB-840A651B4F7B}
		{1D58B1E7-D5E0-4EC9-B7B3-BF272872B1A2} = {68595810-30B5-4104-A5B5-58FD535036E5}
		{6621736E-D409-4E67-B859-AADA63E6C8DB} = {68595810-30B5-4104-A5B5-58FD535036E5}
		{2E274061-EF43-4A01-BB86-101C0EC50292} = {68595810-30B5-4104-A5B5-58FD535036E5}
		{144CCC62-AE34-4D61-9883-86F454FD5112} = {54E74E38-1DB6-44A1-877C-55317F3D6ADD}
	EndGlobalSection
	GlobalSection(ExtensibilityGlobals) = postSolution
		SolutionGuid = {DB8A018F-8764-4661-882E-A83D1BC4E7A9}
	EndGlobalSection
EndGlobal
